
Microsoft Visual Studio Solution File, Format Version 12.00
# Visual Studio Version 17
VisualStudioVersion = 17.8.34309.116
MinimumVisualStudioVersion = 10.0.40219.1
Project("{8BC9CEB8-8B4A-11D0-8D11-00A0C91BC942}") = "Snake", "Snake\Snake.vcxproj", "{183D8442-A57C-459B-B95C-7894664CAE31}"
EndProject
Global
	GlobalSection(SolutionConfigurationPlatforms) = preSolution
		Debug|x64 = Debug|x64
		Debug|x86 = Debug|x86
		Release|x64 = Release|x64
		Release|x86 = Release|x86
	EndGlobalSection
	GlobalSection(ProjectConfigurationPlatforms) = postSolution
		{183D8442-A57C-459B-B95C-7894664CAE31}.Debug|x64.ActiveCfg = Debug|x64
		{183D8442-A57C-459B-B95C-7894664CAE31}.Debug|x64.Build.0 = Debug|x64
		{183D8442-A57C-459B-B95C-7894664CAE31}.Debug|x86.ActiveCfg = Debug|Win32
		{183D8442-A57C-459B-B95C-7894664CAE31}.Debug|x86.Build.0 = Debug|Win32
		{183D8442-A57C-459B-B95C-7894664CAE31}.Release|x64.ActiveCfg = Release|x64
		{183D8442-A57C-459B-B95C-7894664CAE31}.Release|x64.Build.0 = Release|x64
		{183D8442-A57C-459B-B95C-7894664CAE31}.Release|x86.ActiveCfg = Release|Win32
		{183D8442-A57C-459B-B95C-7894664CAE31}.Release|x86.Build.0 = Release|Win32
	EndGlobalSection
	GlobalSection(SolutionProperties) = preSolution
		HideSolutionNode = FALSE
	EndGlobalSection
	GlobalSection(ExtensibilityGlobals) = postSolution
		SolutionGuid = {405B895D-B8E5-4586-9C08-D622BF8A9CC8}
	EndGlobalSection
EndGlobal
